
Microsoft Visual Studio Solution File, Format Version 12.00
# Visual Studio Version 17
VisualStudioVersion = 17.6.33815.320
MinimumVisualStudioVersion = 10.0.40219.1
Project("{FAE04EC0-301F-11D3-BF4B-00C04F79EFBC}") = "Phase1Section3.4", "Phase1Section3.4.csproj", "{EF728019-0DF0-4335-B96F-3C249EB00B81}"
EndProject
Global
	GlobalSection(SolutionConfigurationPlatforms) = preSolution
		Debug|Any CPU = Debug|Any CPU
		Release|Any CPU = Release|Any CPU
	EndGlobalSection
	GlobalSection(ProjectConfigurationPlatforms) = postSolution
		{EF728019-0DF0-4335-B96F-3C249EB00B81}.Debug|Any CPU.ActiveCfg = Debug|Any CPU
		{EF728019-0DF0-4335-B96F-3C249EB00B81}.Debug|Any CPU.Build.0 = Debug|Any CPU
		{EF728019-0DF0-4335-B96F-3C249EB00B81}.Release|Any CPU.ActiveCfg = Release|Any CPU
		{EF728019-0DF0-4335-B96F-3C249EB00B81}.Release|Any CPU.Build.0 = Release|Any CPU
	EndGlobalSection
	GlobalSection(SolutionProperties) = preSolution
		HideSolutionNode = FALSE
	EndGlobalSection
	GlobalSection(ExtensibilityGlobals) = postSolution
		SolutionGuid = {30DC8263-4808-409B-AF38-36F43270EBF8}
	EndGlobalSection
EndGlobal
